<?xml version="1.0" encoding="utf-8"?>
<Project ToolsVersion="4.0" xmlns="http://schemas.microsoft.com/developer/msbuild/2003">
  <ItemGroup>
    <Filter Include="源文件">
      <UniqueIdentifier>{4FC737F1-C7A5-4376-A066-2A32D752A2FF}</UniqueIdentifier>
      <Extensions>cpp;c;cc;cxx;def;odl;idl;hpj;bat;asm;asmx</Extensions>
    </Filter>
    <Filter Include="头文件">
      <UniqueIdentifier>{93995380-89BD-4b04-88EB-625FBE52EBFB}</UniqueIdentifier>
      <Extensions>h;hpp;hxx;hm;inl;inc;xsd</Extensions>
    </Filter>
    <Filter Include="资源文件">
      <UniqueIdentifier>{67DA6AB6-F800-4c08-8B7A-83BB121AAD01}</UniqueIdentifier>
      <Extensions>rc;ico;cur;bmp;dlg;rc2;rct;bin;rgs;gif;jpg;jpeg;jpe;resx;tiff;tif;png;wav</Extensions>
    </Filter>
  </ItemGroup>
  <ItemGroup>
    <ClCompile Include="expr.cpp">
      <Filter>源文件</Filter>
    </ClCompile>
    <ClCompile Include="field.cpp">
      <Filter>源文件</Filter>
    </ClCompile>
    <ClCompile Include="hash.cpp">
      <Filter>源文件</Filter>
    </ClCompile>
    <ClCompile Include="malloc.cpp">
      <Filter>源文件</Filter>
    </ClCompile>
    <ClCompile Include="notify.cpp">
      <Filter>源文件</Filter>
    </ClCompile>
    <ClCompile Include="qkf_init.cpp">
      <Filter>源文件</Filter>
    </ClCompile>
    <ClCompile Include="queue.cpp">
      <Filter>源文件</Filter>
    </ClCompile>
    <ClCompile Include="rbtree.cpp">
      <Filter>源文件</Filter>
    </ClCompile>
    <ClCompile Include="sync.cpp">
      <Filter>源文件</Filter>
    </ClCompile>
    <ClCompile Include="table.cpp">
      <Filter>源文件</Filter>
    </ClCompile>
    <ClCompile Include="time.cpp">
      <Filter>源文件</Filter>
    </ClCompile>
    <ClCompile Include="tuple.cpp">
      <Filter>源文件</Filter>
    </ClCompile>
    <ClCompile Include="tytils.cpp">
      <Filter>源文件</Filter>
    </ClCompile>
    <ClCompile Include="vector.cpp">
      <Filter>源文件</Filter>
    </ClCompile>
  </ItemGroup>
  <ItemGroup>
    <ClInclude Include="..\include\qkf\compile.h">
      <Filter>头文件</Filter>
    </ClInclude>
    <ClInclude Include="..\include\qkf\expr.h">
      <Filter>头文件</Filter>
    </ClInclude>
    <ClInclude Include="..\include\qkf\field.h">
      <Filter>头文件</Filter>
    </ClInclude>
    <ClInclude Include="..\include\qkf\hash.h">
      <Filter>头文件</Filter>
    </ClInclude>
    <ClInclude Include="..\include\qkf\malloc.h">
      <Filter>头文件</Filter>
    </ClInclude>
    <ClInclude Include="..\include\qkf\notify.h">
      <Filter>头文件</Filter>
    </ClInclude>
    <ClInclude Include="..\include\qkf\queue.h">
      <Filter>头文件</Filter>
    </ClInclude>
    <ClInclude Include="..\include\qkf\rbtree.h">
      <Filter>头文件</Filter>
    </ClInclude>
    <ClInclude Include="..\include\qkf\rlist.h">
      <Filter>头文件</Filter>
    </ClInclude>
    <ClInclude Include="..\include\qkf\sync.h">
      <Filter>头文件</Filter>
    </ClInclude>
    <ClInclude Include="..\include\qkf\table.h">
      <Filter>头文件</Filter>
    </ClInclude>
    <ClInclude Include="..\include\qkf\time.h">
      <Filter>头文件</Filter>
    </ClInclude>
    <ClInclude Include="..\include\qkf\tuple.h">
      <Filter>头文件</Filter>
    </ClInclude>
    <ClInclude Include="..\include\qkf\tytils.h">
      <Filter>头文件</Filter>
    </ClInclude>
    <ClInclude Include="..\include\qkf\vector.h">
      <Filter>头文件</Filter>
    </ClInclude>
  </ItemGroup>
</Project>